
Microsoft Visual Studio Solution File, Format Version 12.00
# Visual Studio Version 17
VisualStudioVersion = 17.14.36121.58 d17.14
MinimumVisualStudioVersion = 10.0.40219.1
Project("{FAE04EC0-301F-11D3-BF4B-00C04F79EFBC}") = "reverse", "reverse.csproj", "{98B4CE36-99B6-455C-9535-68FE20662B85}"
EndProject
Global
	GlobalSection(SolutionConfigurationPlatforms) = preSolution
		Debug|Any CPU = Debug|Any CPU
		Release|Any CPU = Release|Any CPU
	EndGlobalSection
	GlobalSection(ProjectConfigurationPlatforms) = postSolution
		{98B4CE36-99B6-455C-9535-68FE20662B85}.Debug|Any CPU.ActiveCfg = Debug|Any CPU
		{98B4CE36-99B6-455C-9535-68FE20662B85}.Debug|Any CPU.Build.0 = Debug|Any CPU
		{98B4CE36-99B6-455C-9535-68FE20662B85}.Release|Any CPU.ActiveCfg = Release|Any CPU
		{98B4CE36-99B6-455C-9535-68FE20662B85}.Release|Any CPU.Build.0 = Release|Any CPU
	EndGlobalSection
	GlobalSection(SolutionProperties) = preSolution
		HideSolutionNode = FALSE
	EndGlobalSection
	GlobalSection(ExtensibilityGlobals) = postSolution
		SolutionGuid = {BE26AF79-48AF-44F3-8F0E-F1E3CFE55E8B}
	EndGlobalSection
EndGlobal
